// !$*UTF8*$!
{
	archiveVersion = 1;
	classes = {
	};
	objectVersion = 46;
	objects = {

/* Begin PBXBuildFile section */
		3397D3531B2350FB00E44876 /* main.swift in Sources */ = {isa = PBXBuildFile; fileRef = 3397D3521B2350FB00E44876 /* main.swift */; };
		3397D3581B23511200E44876 /* ExchangeEngine.swift in Sources */ = {isa = PBXBuildFile; fileRef = 3397D3571B23511200E44876 /* ExchangeEngine.swift */; };
/* End PBXBuildFile section */

/* Begin PBXCopyFilesBuildPhase section */
		3397D34D1B2350FB00E44876 /* CopyFiles */ = {
			isa = PBXCopyFilesBuildPhase;
			buildActionMask = 2147483647;
			dstPath = /usr/share/man/man1/;
			dstSubfolderSpec = 0;
			files = (
			);
			runOnlyForDeploymentPostprocessing = 1;
		};
/* End PBXCopyFilesBuildPhase section */

/* Begin PBXFileReference section */
		3397D34F1B2350FB00E44876 /* DialogServer */ = {isa = PBXFileReference; explicitFileType = "compiled.mach-o.executable"; includeInIndex = 0; path = DialogServer; sourceTree = BUILT_PRODUCTS_DIR; };
		3397D3521B2350FB00E44876 /* main.swift */ = {isa = PBXFileReference; lastKnownFileType = sourcecode.swift; path = main.swift; sourceTree = "<group>"; };
		3397D3571B23511200E44876 /* ExchangeEngine.swift */ = {isa = PBXFileReference; fileEncoding = 4; lastKnownFileType = sourcecode.swift; path = ExchangeEngine.swift; sourceTree = "<group>"; };
/* End PBXFileReference section */

/* Begin PBXFrameworksBuildPhase section */
		3397D34C1B2350FB00E44876 /* Frameworks */ = {
			isa = PBXFrameworksBuildPhase;
			buildActionMask = 2147483647;
			files = (
			);
			runOnlyForDeploymentPostprocessing = 0;
		};
/* End PBXFrameworksBuildPhase section */

/* Begin PBXGroup section */
		335FAF2A1B1EE78800E51C9F = {
			isa = PBXGroup;
			children = (
				3397D3511B2350FB00E44876 /* DialogServer */,
				3397D3501B2350FB00E44876 /* Products */,
			);
			sourceTree = "<group>";
		};
		3397D3501B2350FB00E44876 /* Products */ = {
			isa = PBXGroup;
			children = (
				3397D34F1B2350FB00E44876 /* DialogServer */,
			);
			name = Products;
			sourceTree = "<group>";
		};
		3397D3511B2350FB00E44876 /* DialogServer */ = {
			isa = PBXGroup;
			children = (
				3397D3521B2350FB00E44876 /* main.swift */,
				3397D3571B23511200E44876 /* ExchangeEngine.swift */,
			);
			path = DialogServer;
			sourceTree = "<group>";
		};
/* End PBXGroup section */

/* Begin PBXNativeTarget section */
		3397D34E1B2350FB00E44876 /* DialogServer */ = {
			isa = PBXNativeTarget;
			buildConfigurationList = 3397D3561B2350FB00E44876 /* Build configuration list for PBXNativeTarget "DialogServer" */;
			buildPhases = (
				3397D34B1B2350FB00E44876 /* Sources */,
				3397D34C1B2350FB00E44876 /* Frameworks */,
				3397D34D1B2350FB00E44876 /* CopyFiles */,
			);
			buildRules = (
			);
			dependencies = (
			);
			name = DialogServer;
			productName = DialogServer;
			productReference = 3397D34F1B2350FB00E44876 /* DialogServer */;
			productType = "com.apple.product-type.tool";
		};
/* End PBXNativeTarget section */

/* Begin PBXProject section */
		335FAF2B1B1EE78800E51C9F /* Project object */ = {
			isa = PBXProject;
			attributes = {
				LastSwiftUpdateCheck = 0700;
				LastUpgradeCheck = 0630;
				TargetAttributes = {
					3397D34E1B2350FB00E44876 = {
						CreatedOnToolsVersion = 6.3.2;
					};
				};
			};
			buildConfigurationList = 335FAF2E1B1EE78800E51C9F /* Build configuration list for PBXProject "Gigantic-Swift" */;
			compatibilityVersion = "Xcode 3.2";
			developmentRegion = English;
			hasScannedForEncodings = 0;
			knownRegions = (
				en,
			);
			mainGroup = 335FAF2A1B1EE78800E51C9F;
			productRefGroup = 3397D3501B2350FB00E44876 /* Products */;
			projectDirPath = "";
			projectRoot = "";
			targets = (
				3397D34E1B2350FB00E44876 /* DialogServer */,
			);
		};
/* End PBXProject section */

/* Begin PBXSourcesBuildPhase section */
		3397D34B1B2350FB00E44876 /* Sources */ = {
			isa = PBXSourcesBuildPhase;
			buildActionMask = 2147483647;
			files = (
				3397D3581B23511200E44876 /* ExchangeEngine.swift in Sources */,
				3397D3531B2350FB00E44876 /* main.swift in Sources */,
			);
			runOnlyForDeploymentPostprocessing = 0;
		};
/* End PBXSourcesBuildPhase section */

/* Begin XCBuildConfiguration section */
		335FAF2F1B1EE78800E51C9F /* Debug */ = {
			isa = XCBuildConfiguration;
			buildSettings = {
			};
			name = Debug;
		};
		335FAF301B1EE78800E51C9F /* Release */ = {
			isa = XCBuildConfiguration;
			buildSettings = {
			};
			name = Release;
		};
		3397D3541B2350FB00E44876 /* Debug */ = {
			isa = XCBuildConfiguration;
			buildSettings = {
				ALWAYS_SEARCH_USER_PATHS = NO;
				CLANG_CXX_LANGUAGE_STANDARD = "gnu++0x";
				CLANG_CXX_LIBRARY = "libc++";
				CLANG_ENABLE_MODULES = YES;
				CLANG_ENABLE_OBJC_ARC = YES;
				CLANG_WARN_BOOL_CONVERSION = YES;
				CLANG_WARN_CONSTANT_CONVERSION = YES;
				CLANG_WARN_DIRECT_OBJC_ISA_USAGE = YES_ERROR;
				CLANG_WARN_EMPTY_BODY = YES;
				CLANG_WARN_ENUM_CONVERSION = YES;
				CLANG_WARN_INT_CONVERSION = YES;
				CLANG_WARN_OBJC_ROOT_CLASS = YES_ERROR;
				CLANG_WARN_UNREACHABLE_CODE = YES;
				CLANG_WARN__DUPLICATE_METHOD_MATCH = YES;
				COPY_PHASE_STRIP = NO;
				DEBUG_INFORMATION_FORMAT = dwarf;
				ENABLE_STRICT_OBJC_MSGSEND = YES;
				GCC_C_LANGUAGE_STANDARD = gnu99;
				GCC_DYNAMIC_NO_PIC = NO;
				GCC_NO_COMMON_BLOCKS = YES;
				GCC_OPTIMIZATION_LEVEL = 0;
				GCC_PREPROCESSOR_DEFINITIONS = (
					"DEBUG=1",
					"$(inherited)",
				);
				GCC_SYMBOLS_PRIVATE_EXTERN = NO;
				GCC_WARN_64_TO_32_BIT_CONVERSION = YES;
				GCC_WARN_ABOUT_RETURN_TYPE = YES_ERROR;
				GCC_WARN_UNDECLARED_SELECTOR = YES;
				GCC_WARN_UNINITIALIZED_AUTOS = YES_AGGRESSIVE;
				GCC_WARN_UNUSED_FUNCTION = YES;
				GCC_WARN_UNUSED_VARIABLE = YES;
				MACOSX_DEPLOYMENT_TARGET = 10.10;
				MTL_ENABLE_DEBUG_INFO = YES;
				ONLY_ACTIVE_ARCH = YES;
				PRODUCT_NAME = "$(TARGET_NAME)";
				SDKROOT = macosx;
				SWIFT_OPTIMIZATION_LEVEL = "-Onone";
			};
			name = Debug;
		};
		3397D3551B2350FB00E44876 /* Release */ = {
			isa = XCBuildConfiguration;
			buildSettings = {
				ALWAYS_SEARCH_USER_PATHS = NO;
				CLANG_CXX_LANGUAGE_STANDARD = "gnu++0x";
				CLANG_CXX_LIBRARY = "libc++";
				CLANG_ENABLE_MODULES = YES;
				CLANG_ENABLE_OBJC_ARC = YES;
				CLANG_WARN_BOOL_CONVERSION = YES;
				CLANG_WARN_CONSTANT_CONVERSION = YES;
				CLANG_WARN_DIRECT_OBJC_ISA_USAGE = YES_ERROR;
				CLANG_WARN_EMPTY_BODY = YES;
				CLANG_WARN_ENUM_CONVERSION = YES;
				CLANG_WARN_INT_CONVERSION = YES;
				CLANG_WARN_OBJC_ROOT_CLASS = YES_ERROR;
				CLANG_WARN_UNREACHABLE_CODE = YES;
				CLANG_WARN__DUPLICATE_METHOD_MATCH = YES;
				COPY_PHASE_STRIP = NO;
				DEBUG_INFORMATION_FORMAT = "dwarf-with-dsym";
				ENABLE_NS_ASSERTIONS = NO;
				ENABLE_STRICT_OBJC_MSGSEND = YES;
				GCC_C_LANGUAGE_STANDARD = gnu99;
				GCC_NO_COMMON_BLOCKS = YES;
				GCC_WARN_64_TO_32_BIT_CONVERSION = YES;
				GCC_WARN_ABOUT_RETURN_TYPE = YES_ERROR;
				GCC_WARN_UNDECLARED_SELECTOR = YES;
				GCC_WARN_UNINITIALIZED_AUTOS = YES_AGGRESSIVE;
				GCC_WARN_UNUSED_FUNCTION = YES;
				GCC_WARN_UNUSED_VARIABLE = YES;
				MACOSX_DEPLOYMENT_TARGET = 10.10;
				MTL_ENABLE_DEBUG_INFO = NO;
				PRODUCT_NAME = "$(TARGET_NAME)";
				SDKROOT = macosx;
			};
			name = Release;
		};
/* End XCBuildConfiguration section */

/* Begin XCConfigurationList section */
		335FAF2E1B1EE78800E51C9F /* Build configuration list for PBXProject "Gigantic-Swift" */ = {
			isa = XCConfigurationList;
			buildConfigurations = (
				335FAF2F1B1EE78800E51C9F /* Debug */,
				335FAF301B1EE78800E51C9F /* Release */,
			);
			defaultConfigurationIsVisible = 0;
			defaultConfigurationName = Release;
		};
		3397D3561B2350FB00E44876 /* Build configuration list for PBXNativeTarget "DialogServer" */ = {
			isa = XCConfigurationList;
			buildConfigurations = (
				3397D3541B2350FB00E44876 /* Debug */,
				3397D3551B2350FB00E44876 /* Release */,
			);
			defaultConfigurationIsVisible = 0;
			defaultConfigurationName = Release;
		};
/* End XCConfigurationList section */
	};
	rootObject = 335FAF2B1B1EE78800E51C9F /* Project object */;
}
