// !$*UTF8*$!
{
	archiveVersion = 1;
	classes = {
	};
	objectVersion = 46;
	objects = {

/* Begin PBXBuildFile section */
		332077681AE4311D00691DBA /* WebKit.framework in Frameworks */ = {isa = PBXBuildFile; fileRef = 332077671AE4311D00691DBA /* WebKit.framework */; };
		332077741AE4AD2100691DBA /* main.m in Sources */ = {isa = PBXBuildFile; fileRef = 332077731AE4AD2100691DBA /* main.m */; };
		3396BD811A5A67320048F862 /* AppDelegate.m in Sources */ = {isa = PBXBuildFile; fileRef = 3396BD801A5A67320048F862 /* AppDelegate.m */; };
		3396BD831A5A67320048F862 /* main.m in Sources */ = {isa = PBXBuildFile; fileRef = 3396BD821A5A67320048F862 /* main.m */; };
		3396BD861A5A67320048F862 /* ViewController.m in Sources */ = {isa = PBXBuildFile; fileRef = 3396BD851A5A67320048F862 /* ViewController.m */; };
		3396BD881A5A67320048F862 /* Images.xcassets in Resources */ = {isa = PBXBuildFile; fileRef = 3396BD871A5A67320048F862 /* Images.xcassets */; };
		3396BD8B1A5A67320048F862 /* Main.storyboard in Resources */ = {isa = PBXBuildFile; fileRef = 3396BD891A5A67320048F862 /* Main.storyboard */; };
		3396BD9F1A5A67810048F862 /* GiganticCentral in CopyFiles */ = {isa = PBXBuildFile; fileRef = 33B02F2A1950B09200B32802 /* GiganticCentral */; settings = {ATTRIBUTES = (CodeSignOnCopy, ); }; };
		3396BDA01A5A67810048F862 /* GrammarEngine in CopyFiles */ = {isa = PBXBuildFile; fileRef = 33BD6B901959720A009FBA0C /* GrammarEngine */; settings = {ATTRIBUTES = (CodeSignOnCopy, ); }; };
		3396BDA21A5A67810048F862 /* VoiceUI in CopyFiles */ = {isa = PBXBuildFile; fileRef = 33B02F0A19508EA100B32802 /* VoiceUI */; settings = {ATTRIBUTES = (CodeSignOnCopy, ); }; };
		33BBE81F1AE1064A00ECE552 /* AppDelegate.swift in Sources */ = {isa = PBXBuildFile; fileRef = 33BBE81E1AE1064A00ECE552 /* AppDelegate.swift */; };
		33BBE8211AE1064A00ECE552 /* Images.xcassets in Resources */ = {isa = PBXBuildFile; fileRef = 33BBE8201AE1064A00ECE552 /* Images.xcassets */; };
		33BBE8241AE1064A00ECE552 /* MainMenu.xib in Resources */ = {isa = PBXBuildFile; fileRef = 33BBE8221AE1064A00ECE552 /* MainMenu.xib */; };
/* End PBXBuildFile section */

/* Begin PBXContainerItemProxy section */
		334BA6981A4D8F0500D4F46D /* PBXContainerItemProxy */ = {
			isa = PBXContainerItemProxy;
			containerPortal = 33B02F251950B09200B32802 /* GiganticCentral.xcodeproj */;
			proxyType = 2;
			remoteGlobalIDString = 334BA6901A4D895300D4F46D;
			remoteInfo = ObjectCreator;
		};
		3376D8981B30253E0050E2B3 /* PBXContainerItemProxy */ = {
			isa = PBXContainerItemProxy;
			containerPortal = 335FAF311B1EE78800E51C9F /* Gigantic-Swift.xcodeproj */;
			proxyType = 2;
			remoteGlobalIDString = 3397D34F1B2350FB00E44876;
			remoteInfo = DialogServer;
		};
		3392C7191A778F540009B003 /* PBXContainerItemProxy */ = {
			isa = PBXContainerItemProxy;
			containerPortal = 33B02F2B1950B09D00B32802 /* GCExtend.xcodeproj */;
			proxyType = 2;
			remoteGlobalIDString = 3377A8EF1A6E52D100C7C44E;
			remoteInfo = MusicPlayer;
		};
		3396BD751A5A671C0048F862 /* PBXContainerItemProxy */ = {
			isa = PBXContainerItemProxy;
			containerPortal = 33B02F0519508EA100B32802 /* VoiceUI.xcodeproj */;
			proxyType = 2;
			remoteGlobalIDString = 3345604E1A52A4FF0036C80D;
			remoteInfo = VIKit;
		};
		3396BDA31A5A67980048F862 /* PBXContainerItemProxy */ = {
			isa = PBXContainerItemProxy;
			containerPortal = 33B02F251950B09200B32802 /* GiganticCentral.xcodeproj */;
			proxyType = 1;
			remoteGlobalIDString = 330FD0C31949BE5000981D84;
			remoteInfo = GiganticCentral;
		};
		3396BDA51A5A67980048F862 /* PBXContainerItemProxy */ = {
			isa = PBXContainerItemProxy;
			containerPortal = 33B02F251950B09200B32802 /* GiganticCentral.xcodeproj */;
			proxyType = 1;
			remoteGlobalIDString = 33BD6B4319594FA0009FBA0C;
			remoteInfo = GrammarEngine;
		};
		3396BDA91A5A67980048F862 /* PBXContainerItemProxy */ = {
			isa = PBXContainerItemProxy;
			containerPortal = 33B02F0519508EA100B32802 /* VoiceUI.xcodeproj */;
			proxyType = 1;
			remoteGlobalIDString = 330B3BB6194F6AB600293EBE;
			remoteInfo = VoiceUI;
		};
		33B02F0919508EA100B32802 /* PBXContainerItemProxy */ = {
			isa = PBXContainerItemProxy;
			containerPortal = 33B02F0519508EA100B32802 /* VoiceUI.xcodeproj */;
			proxyType = 2;
			remoteGlobalIDString = 330B3BB7194F6AB600293EBE;
			remoteInfo = VoiceUI;
		};
		33B02F291950B09200B32802 /* PBXContainerItemProxy */ = {
			isa = PBXContainerItemProxy;
			containerPortal = 33B02F251950B09200B32802 /* GiganticCentral.xcodeproj */;
			proxyType = 2;
			remoteGlobalIDString = 330FD0C41949BE5000981D84;
			remoteInfo = GiganticCentral;
		};
		33B02F301950B09D00B32802 /* PBXContainerItemProxy */ = {
			isa = PBXContainerItemProxy;
			containerPortal = 33B02F2B1950B09D00B32802 /* GCExtend.xcodeproj */;
			proxyType = 2;
			remoteGlobalIDString = 33D0E3221949DAE100B71462;
			remoteInfo = GCExtend;
		};
		33BBE8391AE1064A00ECE552 /* PBXContainerItemProxy */ = {
			isa = PBXContainerItemProxy;
			containerPortal = 33B02F2B1950B09D00B32802 /* GCExtend.xcodeproj */;
			proxyType = 2;
			remoteGlobalIDString = 33476BFB1A98C4C400F201AC;
			remoteInfo = RestaurantFinder;
		};
		33BBE83B1AE1064A00ECE552 /* PBXContainerItemProxy */ = {
			isa = PBXContainerItemProxy;
			containerPortal = 33B02F2B1950B09D00B32802 /* GCExtend.xcodeproj */;
			proxyType = 2;
			remoteGlobalIDString = 332A6FD21AD9616900668000;
			remoteInfo = LyricFinder;
		};
		33BD6B8F1959720A009FBA0C /* PBXContainerItemProxy */ = {
			isa = PBXContainerItemProxy;
			containerPortal = 33B02F251950B09200B32802 /* GiganticCentral.xcodeproj */;
			proxyType = 2;
			remoteGlobalIDString = 33BD6B4419594FA0009FBA0C;
			remoteInfo = GrammarEngine;
		};
/* End PBXContainerItemProxy section */

/* Begin PBXCopyFilesBuildPhase section */
		3320776F1AE4AD2100691DBA /* CopyFiles */ = {
			isa = PBXCopyFilesBuildPhase;
			buildActionMask = 2147483647;
			dstPath = /usr/share/man/man1/;
			dstSubfolderSpec = 0;
			files = (
			);
			runOnlyForDeploymentPostprocessing = 1;
		};
		3396BD9E1A5A67530048F862 /* CopyFiles */ = {
			isa = PBXCopyFilesBuildPhase;
			buildActionMask = 2147483647;
			dstPath = "";
			dstSubfolderSpec = 6;
			files = (
				3396BD9F1A5A67810048F862 /* GiganticCentral in CopyFiles */,
				3396BDA01A5A67810048F862 /* GrammarEngine in CopyFiles */,
				3396BDA21A5A67810048F862 /* VoiceUI in CopyFiles */,
			);
			runOnlyForDeploymentPostprocessing = 0;
		};
		33E39B781B30931400098B03 /* Embed Frameworks */ = {
			isa = PBXCopyFilesBuildPhase;
			buildActionMask = 2147483647;
			dstPath = "";
			dstSubfolderSpec = 10;
			files = (
			);
			name = "Embed Frameworks";
			runOnlyForDeploymentPostprocessing = 0;
		};
/* End PBXCopyFilesBuildPhase section */

/* Begin PBXFileReference section */
		1EEBE9C4190FC0B2008004A8 /* main.cpp */ = {isa = PBXFileReference; lastKnownFileType = sourcecode.cpp.cpp; path = main.cpp; sourceTree = "<group>"; };
		1EEBE9C6190FC0B2008004A8 /* CodeSense.1 */ = {isa = PBXFileReference; lastKnownFileType = text.man; path = CodeSense.1; sourceTree = "<group>"; };
		332077671AE4311D00691DBA /* WebKit.framework */ = {isa = PBXFileReference; lastKnownFileType = wrapper.framework; name = WebKit.framework; path = System/Library/Frameworks/WebKit.framework; sourceTree = SDKROOT; };
		332077711AE4AD2100691DBA /* Phone */ = {isa = PBXFileReference; explicitFileType = "compiled.mach-o.executable"; includeInIndex = 0; path = Phone; sourceTree = BUILT_PRODUCTS_DIR; };
		332077731AE4AD2100691DBA /* main.m */ = {isa = PBXFileReference; lastKnownFileType = sourcecode.c.objc; path = main.m; sourceTree = "<group>"; };
		3353C3B519B9A5FD00E07561 /* Gigantic_GlobalConstant.h */ = {isa = PBXFileReference; lastKnownFileType = sourcecode.c.h; path = Gigantic_GlobalConstant.h; sourceTree = "<group>"; };
		335FAF311B1EE78800E51C9F /* Gigantic-Swift.xcodeproj */ = {isa = PBXFileReference; lastKnownFileType = "wrapper.pb-project"; name = "Gigantic-Swift.xcodeproj"; path = "Gigantic-Swift/Gigantic-Swift.xcodeproj"; sourceTree = "<group>"; };
		3396BD7B1A5A67310048F862 /* Gigantic Dashboard.app */ = {isa = PBXFileReference; explicitFileType = wrapper.application; includeInIndex = 0; path = "Gigantic Dashboard.app"; sourceTree = BUILT_PRODUCTS_DIR; };
		3396BD7E1A5A67320048F862 /* Info.plist */ = {isa = PBXFileReference; lastKnownFileType = text.plist.xml; path = Info.plist; sourceTree = "<group>"; };
		3396BD7F1A5A67320048F862 /* AppDelegate.h */ = {isa = PBXFileReference; lastKnownFileType = sourcecode.c.h; path = AppDelegate.h; sourceTree = "<group>"; };
		3396BD801A5A67320048F862 /* AppDelegate.m */ = {isa = PBXFileReference; lastKnownFileType = sourcecode.c.objc; path = AppDelegate.m; sourceTree = "<group>"; };
		3396BD821A5A67320048F862 /* main.m */ = {isa = PBXFileReference; lastKnownFileType = sourcecode.c.objc; path = main.m; sourceTree = "<group>"; };
		3396BD841A5A67320048F862 /* ViewController.h */ = {isa = PBXFileReference; lastKnownFileType = sourcecode.c.h; path = ViewController.h; sourceTree = "<group>"; };
		3396BD851A5A67320048F862 /* ViewController.m */ = {isa = PBXFileReference; lastKnownFileType = sourcecode.c.objc; path = ViewController.m; sourceTree = "<group>"; };
		3396BD871A5A67320048F862 /* Images.xcassets */ = {isa = PBXFileReference; lastKnownFileType = folder.assetcatalog; path = Images.xcassets; sourceTree = "<group>"; };
		3396BD8A1A5A67320048F862 /* Base */ = {isa = PBXFileReference; lastKnownFileType = file.storyboard; name = Base; path = Base.lproj/Main.storyboard; sourceTree = "<group>"; };
		3396BD951A5A67320048F862 /* Info.plist */ = {isa = PBXFileReference; lastKnownFileType = text.plist.xml; path = Info.plist; sourceTree = "<group>"; };
		3396BD961A5A67320048F862 /* Gigantic_DashboardTests.m */ = {isa = PBXFileReference; lastKnownFileType = sourcecode.c.objc; path = Gigantic_DashboardTests.m; sourceTree = "<group>"; };
		33B02F0519508EA100B32802 /* VoiceUI.xcodeproj */ = {isa = PBXFileReference; lastKnownFileType = "wrapper.pb-project"; name = VoiceUI.xcodeproj; path = VoiceUI/VoiceUI.xcodeproj; sourceTree = "<group>"; };
		33B02F251950B09200B32802 /* GiganticCentral.xcodeproj */ = {isa = PBXFileReference; lastKnownFileType = "wrapper.pb-project"; name = GiganticCentral.xcodeproj; path = GiganticCentral/GiganticCentral.xcodeproj; sourceTree = "<group>"; };
		33B02F2B1950B09D00B32802 /* GCExtend.xcodeproj */ = {isa = PBXFileReference; lastKnownFileType = "wrapper.pb-project"; name = GCExtend.xcodeproj; path = GCExtend/GCExtend.xcodeproj; sourceTree = "<group>"; };
		33BBE81A1AE1064A00ECE552 /* Tablet.app */ = {isa = PBXFileReference; explicitFileType = wrapper.application; includeInIndex = 0; path = Tablet.app; sourceTree = BUILT_PRODUCTS_DIR; };
		33BBE81D1AE1064A00ECE552 /* Info.plist */ = {isa = PBXFileReference; lastKnownFileType = text.plist.xml; path = Info.plist; sourceTree = "<group>"; };
		33BBE81E1AE1064A00ECE552 /* AppDelegate.swift */ = {isa = PBXFileReference; lastKnownFileType = sourcecode.swift; path = AppDelegate.swift; sourceTree = "<group>"; };
		33BBE8201AE1064A00ECE552 /* Images.xcassets */ = {isa = PBXFileReference; lastKnownFileType = folder.assetcatalog; path = Images.xcassets; sourceTree = "<group>"; };
		33BBE8231AE1064A00ECE552 /* Base */ = {isa = PBXFileReference; lastKnownFileType = file.xib; name = Base; path = Base.lproj/MainMenu.xib; sourceTree = "<group>"; };
		33BBE82E1AE1064A00ECE552 /* Info.plist */ = {isa = PBXFileReference; lastKnownFileType = text.plist.xml; path = Info.plist; sourceTree = "<group>"; };
		33BBE82F1AE1064A00ECE552 /* TabletTests.swift */ = {isa = PBXFileReference; lastKnownFileType = sourcecode.swift; path = TabletTests.swift; sourceTree = "<group>"; };
/* End PBXFileReference section */

/* Begin PBXFrameworksBuildPhase section */
		3320776E1AE4AD2100691DBA /* Frameworks */ = {
			isa = PBXFrameworksBuildPhase;
			buildActionMask = 2147483647;
			files = (
			);
			runOnlyForDeploymentPostprocessing = 0;
		};
		3396BD781A5A67310048F862 /* Frameworks */ = {
			isa = PBXFrameworksBuildPhase;
			buildActionMask = 2147483647;
			files = (
			);
			runOnlyForDeploymentPostprocessing = 0;
		};
		33BBE8171AE1064A00ECE552 /* Frameworks */ = {
			isa = PBXFrameworksBuildPhase;
			buildActionMask = 2147483647;
			files = (
				332077681AE4311D00691DBA /* WebKit.framework in Frameworks */,
			);
			runOnlyForDeploymentPostprocessing = 0;
		};
/* End PBXFrameworksBuildPhase section */

/* Begin PBXGroup section */
		1EEBE9C2190FC0B2008004A8 /* Products */ = {
			isa = PBXGroup;
			children = (
				3396BD7B1A5A67310048F862 /* Gigantic Dashboard.app */,
				33BBE81A1AE1064A00ECE552 /* Tablet.app */,
				332077711AE4AD2100691DBA /* Phone */,
			);
			name = Products;
			sourceTree = "<group>";
		};
		1EEBE9C3190FC0B2008004A8 /* CodeSense */ = {
			isa = PBXGroup;
			children = (
				1EEBE9C4190FC0B2008004A8 /* main.cpp */,
				1EEBE9C6190FC0B2008004A8 /* CodeSense.1 */,
			);
			path = CodeSense;
			sourceTree = "<group>";
		};
		332077721AE4AD2100691DBA /* Phone */ = {
			isa = PBXGroup;
			children = (
				332077731AE4AD2100691DBA /* main.m */,
			);
			path = Phone;
			sourceTree = "<group>";
		};
		335FAF321B1EE78800E51C9F /* Products */ = {
			isa = PBXGroup;
			children = (
				3376D8991B30253E0050E2B3 /* DialogServer */,
			);
			name = Products;
			sourceTree = "<group>";
		};
		337F5852190FA795009C1345 = {
			isa = PBXGroup;
			children = (
				335FAF311B1EE78800E51C9F /* Gigantic-Swift.xcodeproj */,
				332077671AE4311D00691DBA /* WebKit.framework */,
				3353C3B519B9A5FD00E07561 /* Gigantic_GlobalConstant.h */,
				33B02F251950B09200B32802 /* GiganticCentral.xcodeproj */,
				33B02F2B1950B09D00B32802 /* GCExtend.xcodeproj */,
				33B02F0519508EA100B32802 /* VoiceUI.xcodeproj */,
				1EEBE9C3190FC0B2008004A8 /* CodeSense */,
				3396BD7C1A5A67320048F862 /* Gigantic Dashboard */,
				3396BD931A5A67320048F862 /* Gigantic DashboardTests */,
				33BBE81B1AE1064A00ECE552 /* Tablet */,
				33BBE82C1AE1064A00ECE552 /* TabletTests */,
				332077721AE4AD2100691DBA /* Phone */,
				1EEBE9C2190FC0B2008004A8 /* Products */,
			);
			sourceTree = "<group>";
		};
		3396BD7C1A5A67320048F862 /* Gigantic Dashboard */ = {
			isa = PBXGroup;
			children = (
				3396BD7F1A5A67320048F862 /* AppDelegate.h */,
				3396BD801A5A67320048F862 /* AppDelegate.m */,
				3396BD841A5A67320048F862 /* ViewController.h */,
				3396BD851A5A67320048F862 /* ViewController.m */,
				3396BD871A5A67320048F862 /* Images.xcassets */,
				3396BD891A5A67320048F862 /* Main.storyboard */,
				3396BD7D1A5A67320048F862 /* Supporting Files */,
			);
			path = "Gigantic Dashboard";
			sourceTree = "<group>";
		};
		3396BD7D1A5A67320048F862 /* Supporting Files */ = {
			isa = PBXGroup;
			children = (
				3396BD7E1A5A67320048F862 /* Info.plist */,
				3396BD821A5A67320048F862 /* main.m */,
			);
			name = "Supporting Files";
			sourceTree = "<group>";
		};
		3396BD931A5A67320048F862 /* Gigantic DashboardTests */ = {
			isa = PBXGroup;
			children = (
				3396BD961A5A67320048F862 /* Gigantic_DashboardTests.m */,
				3396BD941A5A67320048F862 /* Supporting Files */,
			);
			path = "Gigantic DashboardTests";
			sourceTree = "<group>";
		};
		3396BD941A5A67320048F862 /* Supporting Files */ = {
			isa = PBXGroup;
			children = (
				3396BD951A5A67320048F862 /* Info.plist */,
			);
			name = "Supporting Files";
			sourceTree = "<group>";
		};
		33B02F0619508EA100B32802 /* Products */ = {
			isa = PBXGroup;
			children = (
				33B02F0A19508EA100B32802 /* VoiceUI */,
				3396BD761A5A671C0048F862 /* libVIKit.dylib */,
			);
			name = Products;
			sourceTree = "<group>";
		};
		33B02F261950B09200B32802 /* Products */ = {
			isa = PBXGroup;
			children = (
				33B02F2A1950B09200B32802 /* GiganticCentral */,
				33BD6B901959720A009FBA0C /* GrammarEngine */,
				334BA6991A4D8F0500D4F46D /* ObjectCreator */,
			);
			name = Products;
			sourceTree = "<group>";
		};
		33B02F2C1950B09D00B32802 /* Products */ = {
			isa = PBXGroup;
			children = (
				33B02F311950B09D00B32802 /* libGCExtend.dylib */,
				3392C71A1A778F540009B003 /* MusicPlayer */,
				33BBE83A1AE1064A00ECE552 /* RestaurantFinder */,
				33BBE83C1AE1064A00ECE552 /* LyricFinder */,
			);
			name = Products;
			sourceTree = "<group>";
		};
		33BBE81B1AE1064A00ECE552 /* Tablet */ = {
			isa = PBXGroup;
			children = (
				33BBE81E1AE1064A00ECE552 /* AppDelegate.swift */,
				33BBE8201AE1064A00ECE552 /* Images.xcassets */,
				33BBE8221AE1064A00ECE552 /* MainMenu.xib */,
				33BBE81C1AE1064A00ECE552 /* Supporting Files */,
			);
			path = Tablet;
			sourceTree = "<group>";
		};
		33BBE81C1AE1064A00ECE552 /* Supporting Files */ = {
			isa = PBXGroup;
			children = (
				33BBE81D1AE1064A00ECE552 /* Info.plist */,
			);
			name = "Supporting Files";
			sourceTree = "<group>";
		};
		33BBE82C1AE1064A00ECE552 /* TabletTests */ = {
			isa = PBXGroup;
			children = (
				33BBE82F1AE1064A00ECE552 /* TabletTests.swift */,
				33BBE82D1AE1064A00ECE552 /* Supporting Files */,
			);
			path = TabletTests;
			sourceTree = "<group>";
		};
		33BBE82D1AE1064A00ECE552 /* Supporting Files */ = {
			isa = PBXGroup;
			children = (
				33BBE82E1AE1064A00ECE552 /* Info.plist */,
			);
			name = "Supporting Files";
			sourceTree = "<group>";
		};
/* End PBXGroup section */

/* Begin PBXNativeTarget section */
		332077701AE4AD2100691DBA /* Phone */ = {
			isa = PBXNativeTarget;
			buildConfigurationList = 332077751AE4AD2100691DBA /* Build configuration list for PBXNativeTarget "Phone" */;
			buildPhases = (
				3320776D1AE4AD2100691DBA /* Sources */,
				3320776E1AE4AD2100691DBA /* Frameworks */,
				3320776F1AE4AD2100691DBA /* CopyFiles */,
			);
			buildRules = (
			);
			dependencies = (
			);
			name = Phone;
			productName = Phone;
			productReference = 332077711AE4AD2100691DBA /* Phone */;
			productType = "com.apple.product-type.tool";
		};
		3396BD7A1A5A67310048F862 /* Gigantic Dashboard */ = {
			isa = PBXNativeTarget;
			buildConfigurationList = 3396BD981A5A67320048F862 /* Build configuration list for PBXNativeTarget "Gigantic Dashboard" */;
			buildPhases = (
				3396BD771A5A67310048F862 /* Sources */,
				3396BD781A5A67310048F862 /* Frameworks */,
				3396BD791A5A67310048F862 /* Resources */,
				3396BD9E1A5A67530048F862 /* CopyFiles */,
				33E39B781B30931400098B03 /* Embed Frameworks */,
			);
			buildRules = (
			);
			dependencies = (
				3396BDA41A5A67980048F862 /* PBXTargetDependency */,
				3396BDA61A5A67980048F862 /* PBXTargetDependency */,
				3396BDAA1A5A67980048F862 /* PBXTargetDependency */,
			);
			name = "Gigantic Dashboard";
			productName = "Gigantic Dashboard";
			productReference = 3396BD7B1A5A67310048F862 /* Gigantic Dashboard.app */;
			productType = "com.apple.product-type.application";
		};
		33BBE8191AE1064A00ECE552 /* Tablet */ = {
			isa = PBXNativeTarget;
			buildConfigurationList = 33BBE83F1AE1064A00ECE552 /* Build configuration list for PBXNativeTarget "Tablet" */;
			buildPhases = (
				33BBE8161AE1064A00ECE552 /* Sources */,
				33BBE8171AE1064A00ECE552 /* Frameworks */,
				33BBE8181AE1064A00ECE552 /* Resources */,
			);
			buildRules = (
			);
			dependencies = (
			);
			name = Tablet;
			productName = Tablet;
			productReference = 33BBE81A1AE1064A00ECE552 /* Tablet.app */;
			productType = "com.apple.product-type.application";
		};
/* End PBXNativeTarget section */

/* Begin PBXProject section */
		337F5853190FA795009C1345 /* Project object */ = {
			isa = PBXProject;
			attributes = {
				LastSwiftUpdateCheck = 0700;
				LastUpgradeCheck = 0600;
				TargetAttributes = {
					332077701AE4AD2100691DBA = {
						CreatedOnToolsVersion = 6.3;
					};
					3396BD7A1A5A67310048F862 = {
						CreatedOnToolsVersion = 6.2;
					};
					33BBE8191AE1064A00ECE552 = {
						CreatedOnToolsVersion = 6.3;
					};
				};
			};
			buildConfigurationList = 337F5856190FA795009C1345 /* Build configuration list for PBXProject "Gigantic" */;
			compatibilityVersion = "Xcode 3.2";
			developmentRegion = English;
			hasScannedForEncodings = 0;
			knownRegions = (
				en,
				Base,
			);
			mainGroup = 337F5852190FA795009C1345;
			productRefGroup = 1EEBE9C2190FC0B2008004A8 /* Products */;
			projectDirPath = "";
			projectReferences = (
				{
					ProductGroup = 33B02F2C1950B09D00B32802 /* Products */;
					ProjectRef = 33B02F2B1950B09D00B32802 /* GCExtend.xcodeproj */;
				},
				{
					ProductGroup = 335FAF321B1EE78800E51C9F /* Products */;
					ProjectRef = 335FAF311B1EE78800E51C9F /* Gigantic-Swift.xcodeproj */;
				},
				{
					ProductGroup = 33B02F261950B09200B32802 /* Products */;
					ProjectRef = 33B02F251950B09200B32802 /* GiganticCentral.xcodeproj */;
				},
				{
					ProductGroup = 33B02F0619508EA100B32802 /* Products */;
					ProjectRef = 33B02F0519508EA100B32802 /* VoiceUI.xcodeproj */;
				},
			);
			projectRoot = "";
			targets = (
				3396BD7A1A5A67310048F862 /* Gigantic Dashboard */,
				33BBE8191AE1064A00ECE552 /* Tablet */,
				332077701AE4AD2100691DBA /* Phone */,
			);
		};
/* End PBXProject section */

/* Begin PBXReferenceProxy section */
		334BA6991A4D8F0500D4F46D /* ObjectCreator */ = {
			isa = PBXReferenceProxy;
			fileType = "compiled.mach-o.executable";
			path = ObjectCreator;
			remoteRef = 334BA6981A4D8F0500D4F46D /* PBXContainerItemProxy */;
			sourceTree = BUILT_PRODUCTS_DIR;
		};
		3376D8991B30253E0050E2B3 /* DialogServer */ = {
			isa = PBXReferenceProxy;
			fileType = "compiled.mach-o.executable";
			path = DialogServer;
			remoteRef = 3376D8981B30253E0050E2B3 /* PBXContainerItemProxy */;
			sourceTree = BUILT_PRODUCTS_DIR;
		};
		3392C71A1A778F540009B003 /* MusicPlayer */ = {
			isa = PBXReferenceProxy;
			fileType = "compiled.mach-o.executable";
			path = MusicPlayer;
			remoteRef = 3392C7191A778F540009B003 /* PBXContainerItemProxy */;
			sourceTree = BUILT_PRODUCTS_DIR;
		};
		3396BD761A5A671C0048F862 /* libVIKit.dylib */ = {
			isa = PBXReferenceProxy;
			fileType = "compiled.mach-o.dylib";
			path = libVIKit.dylib;
			remoteRef = 3396BD751A5A671C0048F862 /* PBXContainerItemProxy */;
			sourceTree = BUILT_PRODUCTS_DIR;
		};
		33B02F0A19508EA100B32802 /* VoiceUI */ = {
			isa = PBXReferenceProxy;
			fileType = "compiled.mach-o.executable";
			path = VoiceUI;
			remoteRef = 33B02F0919508EA100B32802 /* PBXContainerItemProxy */;
			sourceTree = BUILT_PRODUCTS_DIR;
		};
		33B02F2A1950B09200B32802 /* GiganticCentral */ = {
			isa = PBXReferenceProxy;
			fileType = "compiled.mach-o.executable";
			path = GiganticCentral;
			remoteRef = 33B02F291950B09200B32802 /* PBXContainerItemProxy */;
			sourceTree = BUILT_PRODUCTS_DIR;
		};
		33B02F311950B09D00B32802 /* libGCExtend.dylib */ = {
			isa = PBXReferenceProxy;
			fileType = "compiled.mach-o.dylib";
			path = libGCExtend.dylib;
			remoteRef = 33B02F301950B09D00B32802 /* PBXContainerItemProxy */;
			sourceTree = BUILT_PRODUCTS_DIR;
		};
		33BBE83A1AE1064A00ECE552 /* RestaurantFinder */ = {
			isa = PBXReferenceProxy;
			fileType = "compiled.mach-o.executable";
			path = RestaurantFinder;
			remoteRef = 33BBE8391AE1064A00ECE552 /* PBXContainerItemProxy */;
			sourceTree = BUILT_PRODUCTS_DIR;
		};
		33BBE83C1AE1064A00ECE552 /* LyricFinder */ = {
			isa = PBXReferenceProxy;
			fileType = "compiled.mach-o.executable";
			path = LyricFinder;
			remoteRef = 33BBE83B1AE1064A00ECE552 /* PBXContainerItemProxy */;
			sourceTree = BUILT_PRODUCTS_DIR;
		};
		33BD6B901959720A009FBA0C /* GrammarEngine */ = {
			isa = PBXReferenceProxy;
			fileType = "compiled.mach-o.executable";
			path = GrammarEngine;
			remoteRef = 33BD6B8F1959720A009FBA0C /* PBXContainerItemProxy */;
			sourceTree = BUILT_PRODUCTS_DIR;
		};
/* End PBXReferenceProxy section */

/* Begin PBXResourcesBuildPhase section */
		3396BD791A5A67310048F862 /* Resources */ = {
			isa = PBXResourcesBuildPhase;
			buildActionMask = 2147483647;
			files = (
				3396BD881A5A67320048F862 /* Images.xcassets in Resources */,
				3396BD8B1A5A67320048F862 /* Main.storyboard in Resources */,
			);
			runOnlyForDeploymentPostprocessing = 0;
		};
		33BBE8181AE1064A00ECE552 /* Resources */ = {
			isa = PBXResourcesBuildPhase;
			buildActionMask = 2147483647;
			files = (
				33BBE8211AE1064A00ECE552 /* Images.xcassets in Resources */,
				33BBE8241AE1064A00ECE552 /* MainMenu.xib in Resources */,
			);
			runOnlyForDeploymentPostprocessing = 0;
		};
/* End PBXResourcesBuildPhase section */

/* Begin PBXSourcesBuildPhase section */
		3320776D1AE4AD2100691DBA /* Sources */ = {
			isa = PBXSourcesBuildPhase;
			buildActionMask = 2147483647;
			files = (
				332077741AE4AD2100691DBA /* main.m in Sources */,
			);
			runOnlyForDeploymentPostprocessing = 0;
		};
		3396BD771A5A67310048F862 /* Sources */ = {
			isa = PBXSourcesBuildPhase;
			buildActionMask = 2147483647;
			files = (
				3396BD861A5A67320048F862 /* ViewController.m in Sources */,
				3396BD831A5A67320048F862 /* main.m in Sources */,
				3396BD811A5A67320048F862 /* AppDelegate.m in Sources */,
			);
			runOnlyForDeploymentPostprocessing = 0;
		};
		33BBE8161AE1064A00ECE552 /* Sources */ = {
			isa = PBXSourcesBuildPhase;
			buildActionMask = 2147483647;
			files = (
				33BBE81F1AE1064A00ECE552 /* AppDelegate.swift in Sources */,
			);
			runOnlyForDeploymentPostprocessing = 0;
		};
/* End PBXSourcesBuildPhase section */

/* Begin PBXTargetDependency section */
		3396BDA41A5A67980048F862 /* PBXTargetDependency */ = {
			isa = PBXTargetDependency;
			name = GiganticCentral;
			targetProxy = 3396BDA31A5A67980048F862 /* PBXContainerItemProxy */;
		};
		3396BDA61A5A67980048F862 /* PBXTargetDependency */ = {
			isa = PBXTargetDependency;
			name = GrammarEngine;
			targetProxy = 3396BDA51A5A67980048F862 /* PBXContainerItemProxy */;
		};
		3396BDAA1A5A67980048F862 /* PBXTargetDependency */ = {
			isa = PBXTargetDependency;
			name = VoiceUI;
			targetProxy = 3396BDA91A5A67980048F862 /* PBXContainerItemProxy */;
		};
/* End PBXTargetDependency section */

/* Begin PBXVariantGroup section */
		3396BD891A5A67320048F862 /* Main.storyboard */ = {
			isa = PBXVariantGroup;
			children = (
				3396BD8A1A5A67320048F862 /* Base */,
			);
			name = Main.storyboard;
			sourceTree = "<group>";
		};
		33BBE8221AE1064A00ECE552 /* MainMenu.xib */ = {
			isa = PBXVariantGroup;
			children = (
				33BBE8231AE1064A00ECE552 /* Base */,
			);
			name = MainMenu.xib;
			sourceTree = "<group>";
		};
/* End PBXVariantGroup section */

/* Begin XCBuildConfiguration section */
		332077761AE4AD2100691DBA /* Debug */ = {
			isa = XCBuildConfiguration;
			buildSettings = {
				ALWAYS_SEARCH_USER_PATHS = NO;
				CLANG_CXX_LANGUAGE_STANDARD = "gnu++0x";
				CLANG_ENABLE_MODULES = YES;
				CLANG_ENABLE_OBJC_ARC = YES;
				CLANG_WARN_BOOL_CONVERSION = YES;
				CLANG_WARN_CONSTANT_CONVERSION = YES;
				CLANG_WARN_DIRECT_OBJC_ISA_USAGE = YES_ERROR;
				CLANG_WARN_EMPTY_BODY = YES;
				CLANG_WARN_ENUM_CONVERSION = YES;
				CLANG_WARN_INT_CONVERSION = YES;
				CLANG_WARN_OBJC_ROOT_CLASS = YES_ERROR;
				CLANG_WARN_UNREACHABLE_CODE = YES;
				CLANG_WARN__DUPLICATE_METHOD_MATCH = YES;
				COPY_PHASE_STRIP = NO;
				DEBUG_INFORMATION_FORMAT = dwarf;
				ENABLE_STRICT_OBJC_MSGSEND = YES;
				GCC_C_LANGUAGE_STANDARD = gnu99;
				GCC_DYNAMIC_NO_PIC = NO;
				GCC_NO_COMMON_BLOCKS = YES;
				GCC_OPTIMIZATION_LEVEL = 0;
				GCC_PREPROCESSOR_DEFINITIONS = (
					"DEBUG=1",
					"$(inherited)",
				);
				GCC_SYMBOLS_PRIVATE_EXTERN = NO;
				GCC_WARN_64_TO_32_BIT_CONVERSION = YES;
				GCC_WARN_ABOUT_RETURN_TYPE = YES_ERROR;
				GCC_WARN_UNDECLARED_SELECTOR = YES;
				GCC_WARN_UNINITIALIZED_AUTOS = YES_AGGRESSIVE;
				GCC_WARN_UNUSED_FUNCTION = YES;
				GCC_WARN_UNUSED_VARIABLE = YES;
				MACOSX_DEPLOYMENT_TARGET = 10.10;
				MTL_ENABLE_DEBUG_INFO = YES;
				PRODUCT_NAME = "$(TARGET_NAME)";
				SDKROOT = macosx;
			};
			name = Debug;
		};
		332077771AE4AD2100691DBA /* Release */ = {
			isa = XCBuildConfiguration;
			buildSettings = {
				ALWAYS_SEARCH_USER_PATHS = NO;
				CLANG_CXX_LANGUAGE_STANDARD = "gnu++0x";
				CLANG_ENABLE_MODULES = YES;
				CLANG_ENABLE_OBJC_ARC = YES;
				CLANG_WARN_BOOL_CONVERSION = YES;
				CLANG_WARN_CONSTANT_CONVERSION = YES;
				CLANG_WARN_DIRECT_OBJC_ISA_USAGE = YES_ERROR;
				CLANG_WARN_EMPTY_BODY = YES;
				CLANG_WARN_ENUM_CONVERSION = YES;
				CLANG_WARN_INT_CONVERSION = YES;
				CLANG_WARN_OBJC_ROOT_CLASS = YES_ERROR;
				CLANG_WARN_UNREACHABLE_CODE = YES;
				CLANG_WARN__DUPLICATE_METHOD_MATCH = YES;
				COPY_PHASE_STRIP = NO;
				DEBUG_INFORMATION_FORMAT = "dwarf-with-dsym";
				ENABLE_NS_ASSERTIONS = NO;
				ENABLE_STRICT_OBJC_MSGSEND = YES;
				GCC_C_LANGUAGE_STANDARD = gnu99;
				GCC_NO_COMMON_BLOCKS = YES;
				GCC_WARN_64_TO_32_BIT_CONVERSION = YES;
				GCC_WARN_ABOUT_RETURN_TYPE = YES_ERROR;
				GCC_WARN_UNDECLARED_SELECTOR = YES;
				GCC_WARN_UNINITIALIZED_AUTOS = YES_AGGRESSIVE;
				GCC_WARN_UNUSED_FUNCTION = YES;
				GCC_WARN_UNUSED_VARIABLE = YES;
				MACOSX_DEPLOYMENT_TARGET = 10.10;
				MTL_ENABLE_DEBUG_INFO = NO;
				PRODUCT_NAME = "$(TARGET_NAME)";
				SDKROOT = macosx;
			};
			name = Release;
		};
		337F5857190FA795009C1345 /* Debug */ = {
			isa = XCBuildConfiguration;
			buildSettings = {
				CLANG_CXX_LIBRARY = "libc++";
				ONLY_ACTIVE_ARCH = YES;
				USER_HEADER_SEARCH_PATHS = "/Users/waimanchan/Documents/Gigantic/VoiceUI/**";
			};
			name = Debug;
		};
		337F5858190FA795009C1345 /* Release */ = {
			isa = XCBuildConfiguration;
			buildSettings = {
				CLANG_CXX_LIBRARY = "libc++";
				USER_HEADER_SEARCH_PATHS = "/Users/waimanchan/Documents/Gigantic/VoiceUI/**";
			};
			name = Release;
		};
		3396BD991A5A67320048F862 /* Debug */ = {
			isa = XCBuildConfiguration;
			buildSettings = {
				ALWAYS_SEARCH_USER_PATHS = NO;
				ASSETCATALOG_COMPILER_APPICON_NAME = AppIcon;
				CLANG_CXX_LANGUAGE_STANDARD = "gnu++0x";
				CLANG_ENABLE_MODULES = YES;
				CLANG_ENABLE_OBJC_ARC = YES;
				CLANG_WARN_BOOL_CONVERSION = YES;
				CLANG_WARN_CONSTANT_CONVERSION = YES;
				CLANG_WARN_DIRECT_OBJC_ISA_USAGE = YES_ERROR;
				CLANG_WARN_EMPTY_BODY = YES;
				CLANG_WARN_ENUM_CONVERSION = YES;
				CLANG_WARN_INT_CONVERSION = YES;
				CLANG_WARN_OBJC_ROOT_CLASS = YES_ERROR;
				CLANG_WARN_UNREACHABLE_CODE = YES;
				CLANG_WARN__DUPLICATE_METHOD_MATCH = YES;
				CODE_SIGN_IDENTITY = "-";
				COMBINE_HIDPI_IMAGES = YES;
				COPY_PHASE_STRIP = NO;
				ENABLE_STRICT_OBJC_MSGSEND = YES;
				GCC_C_LANGUAGE_STANDARD = gnu99;
				GCC_DYNAMIC_NO_PIC = NO;
				GCC_OPTIMIZATION_LEVEL = 0;
				GCC_PREPROCESSOR_DEFINITIONS = (
					"DEBUG=1",
					"$(inherited)",
				);
				GCC_SYMBOLS_PRIVATE_EXTERN = NO;
				GCC_WARN_64_TO_32_BIT_CONVERSION = YES;
				GCC_WARN_ABOUT_RETURN_TYPE = YES_ERROR;
				GCC_WARN_UNDECLARED_SELECTOR = YES;
				GCC_WARN_UNINITIALIZED_AUTOS = YES_AGGRESSIVE;
				GCC_WARN_UNUSED_FUNCTION = YES;
				GCC_WARN_UNUSED_VARIABLE = YES;
				INFOPLIST_FILE = "Gigantic Dashboard/Info.plist";
				LD_RUNPATH_SEARCH_PATHS = "$(inherited) @executable_path/../Frameworks";
				MACOSX_DEPLOYMENT_TARGET = 10.10;
				MTL_ENABLE_DEBUG_INFO = YES;
				PRODUCT_NAME = "$(TARGET_NAME)";
				SDKROOT = macosx;
			};
			name = Debug;
		};
		3396BD9A1A5A67320048F862 /* Release */ = {
			isa = XCBuildConfiguration;
			buildSettings = {
				ALWAYS_SEARCH_USER_PATHS = NO;
				ASSETCATALOG_COMPILER_APPICON_NAME = AppIcon;
				CLANG_CXX_LANGUAGE_STANDARD = "gnu++0x";
				CLANG_ENABLE_MODULES = YES;
				CLANG_ENABLE_OBJC_ARC = YES;
				CLANG_WARN_BOOL_CONVERSION = YES;
				CLANG_WARN_CONSTANT_CONVERSION = YES;
				CLANG_WARN_DIRECT_OBJC_ISA_USAGE = YES_ERROR;
				CLANG_WARN_EMPTY_BODY = YES;
				CLANG_WARN_ENUM_CONVERSION = YES;
				CLANG_WARN_INT_CONVERSION = YES;
				CLANG_WARN_OBJC_ROOT_CLASS = YES_ERROR;
				CLANG_WARN_UNREACHABLE_CODE = YES;
				CLANG_WARN__DUPLICATE_METHOD_MATCH = YES;
				CODE_SIGN_IDENTITY = "-";
				COMBINE_HIDPI_IMAGES = YES;
				COPY_PHASE_STRIP = YES;
				DEBUG_INFORMATION_FORMAT = "dwarf-with-dsym";
				ENABLE_NS_ASSERTIONS = NO;
				ENABLE_STRICT_OBJC_MSGSEND = YES;
				GCC_C_LANGUAGE_STANDARD = gnu99;
				GCC_WARN_64_TO_32_BIT_CONVERSION = YES;
				GCC_WARN_ABOUT_RETURN_TYPE = YES_ERROR;
				GCC_WARN_UNDECLARED_SELECTOR = YES;
				GCC_WARN_UNINITIALIZED_AUTOS = YES_AGGRESSIVE;
				GCC_WARN_UNUSED_FUNCTION = YES;
				GCC_WARN_UNUSED_VARIABLE = YES;
				INFOPLIST_FILE = "Gigantic Dashboard/Info.plist";
				LD_RUNPATH_SEARCH_PATHS = "$(inherited) @executable_path/../Frameworks";
				MACOSX_DEPLOYMENT_TARGET = 10.10;
				MTL_ENABLE_DEBUG_INFO = NO;
				PRODUCT_NAME = "$(TARGET_NAME)";
				SDKROOT = macosx;
			};
			name = Release;
		};
		33BBE8311AE1064A00ECE552 /* Debug */ = {
			isa = XCBuildConfiguration;
			buildSettings = {
				ALWAYS_SEARCH_USER_PATHS = NO;
				ASSETCATALOG_COMPILER_APPICON_NAME = AppIcon;
				CLANG_CXX_LANGUAGE_STANDARD = "gnu++0x";
				CLANG_ENABLE_MODULES = YES;
				CLANG_ENABLE_OBJC_ARC = YES;
				CLANG_WARN_BOOL_CONVERSION = YES;
				CLANG_WARN_CONSTANT_CONVERSION = YES;
				CLANG_WARN_DIRECT_OBJC_ISA_USAGE = YES_ERROR;
				CLANG_WARN_EMPTY_BODY = YES;
				CLANG_WARN_ENUM_CONVERSION = YES;
				CLANG_WARN_INT_CONVERSION = YES;
				CLANG_WARN_OBJC_ROOT_CLASS = YES_ERROR;
				CLANG_WARN_UNREACHABLE_CODE = YES;
				CLANG_WARN__DUPLICATE_METHOD_MATCH = YES;
				CODE_SIGN_IDENTITY = "-";
				COMBINE_HIDPI_IMAGES = YES;
				COPY_PHASE_STRIP = NO;
				DEBUG_INFORMATION_FORMAT = dwarf;
				ENABLE_STRICT_OBJC_MSGSEND = YES;
				GCC_C_LANGUAGE_STANDARD = gnu99;
				GCC_DYNAMIC_NO_PIC = NO;
				GCC_NO_COMMON_BLOCKS = YES;
				GCC_OPTIMIZATION_LEVEL = 0;
				GCC_PREPROCESSOR_DEFINITIONS = (
					"DEBUG=1",
					"$(inherited)",
				);
				GCC_SYMBOLS_PRIVATE_EXTERN = NO;
				GCC_WARN_64_TO_32_BIT_CONVERSION = YES;
				GCC_WARN_ABOUT_RETURN_TYPE = YES_ERROR;
				GCC_WARN_UNDECLARED_SELECTOR = YES;
				GCC_WARN_UNINITIALIZED_AUTOS = YES_AGGRESSIVE;
				GCC_WARN_UNUSED_FUNCTION = YES;
				GCC_WARN_UNUSED_VARIABLE = YES;
				INFOPLIST_FILE = Tablet/Info.plist;
				LD_RUNPATH_SEARCH_PATHS = "$(inherited) @executable_path/../Frameworks";
				MACOSX_DEPLOYMENT_TARGET = 10.10;
				MTL_ENABLE_DEBUG_INFO = YES;
				PRODUCT_NAME = "$(TARGET_NAME)";
				SDKROOT = macosx;
				SWIFT_OPTIMIZATION_LEVEL = "-Onone";
			};
			name = Debug;
		};
		33BBE8321AE1064A00ECE552 /* Release */ = {
			isa = XCBuildConfiguration;
			buildSettings = {
				ALWAYS_SEARCH_USER_PATHS = NO;
				ASSETCATALOG_COMPILER_APPICON_NAME = AppIcon;
				CLANG_CXX_LANGUAGE_STANDARD = "gnu++0x";
				CLANG_ENABLE_MODULES = YES;
				CLANG_ENABLE_OBJC_ARC = YES;
				CLANG_WARN_BOOL_CONVERSION = YES;
				CLANG_WARN_CONSTANT_CONVERSION = YES;
				CLANG_WARN_DIRECT_OBJC_ISA_USAGE = YES_ERROR;
				CLANG_WARN_EMPTY_BODY = YES;
				CLANG_WARN_ENUM_CONVERSION = YES;
				CLANG_WARN_INT_CONVERSION = YES;
				CLANG_WARN_OBJC_ROOT_CLASS = YES_ERROR;
				CLANG_WARN_UNREACHABLE_CODE = YES;
				CLANG_WARN__DUPLICATE_METHOD_MATCH = YES;
				CODE_SIGN_IDENTITY = "-";
				COMBINE_HIDPI_IMAGES = YES;
				COPY_PHASE_STRIP = NO;
				DEBUG_INFORMATION_FORMAT = "dwarf-with-dsym";
				ENABLE_NS_ASSERTIONS = NO;
				ENABLE_STRICT_OBJC_MSGSEND = YES;
				GCC_C_LANGUAGE_STANDARD = gnu99;
				GCC_NO_COMMON_BLOCKS = YES;
				GCC_WARN_64_TO_32_BIT_CONVERSION = YES;
				GCC_WARN_ABOUT_RETURN_TYPE = YES_ERROR;
				GCC_WARN_UNDECLARED_SELECTOR = YES;
				GCC_WARN_UNINITIALIZED_AUTOS = YES_AGGRESSIVE;
				GCC_WARN_UNUSED_FUNCTION = YES;
				GCC_WARN_UNUSED_VARIABLE = YES;
				INFOPLIST_FILE = Tablet/Info.plist;
				LD_RUNPATH_SEARCH_PATHS = "$(inherited) @executable_path/../Frameworks";
				MACOSX_DEPLOYMENT_TARGET = 10.10;
				MTL_ENABLE_DEBUG_INFO = NO;
				PRODUCT_NAME = "$(TARGET_NAME)";
				SDKROOT = macosx;
			};
			name = Release;
		};
/* End XCBuildConfiguration section */

/* Begin XCConfigurationList section */
		332077751AE4AD2100691DBA /* Build configuration list for PBXNativeTarget "Phone" */ = {
			isa = XCConfigurationList;
			buildConfigurations = (
				332077761AE4AD2100691DBA /* Debug */,
				332077771AE4AD2100691DBA /* Release */,
			);
			defaultConfigurationIsVisible = 0;
			defaultConfigurationName = Release;
		};
		337F5856190FA795009C1345 /* Build configuration list for PBXProject "Gigantic" */ = {
			isa = XCConfigurationList;
			buildConfigurations = (
				337F5857190FA795009C1345 /* Debug */,
				337F5858190FA795009C1345 /* Release */,
			);
			defaultConfigurationIsVisible = 0;
			defaultConfigurationName = Release;
		};
		3396BD981A5A67320048F862 /* Build configuration list for PBXNativeTarget "Gigantic Dashboard" */ = {
			isa = XCConfigurationList;
			buildConfigurations = (
				3396BD991A5A67320048F862 /* Debug */,
				3396BD9A1A5A67320048F862 /* Release */,
			);
			defaultConfigurationIsVisible = 0;
			defaultConfigurationName = Release;
		};
		33BBE83F1AE1064A00ECE552 /* Build configuration list for PBXNativeTarget "Tablet" */ = {
			isa = XCConfigurationList;
			buildConfigurations = (
				33BBE8311AE1064A00ECE552 /* Debug */,
				33BBE8321AE1064A00ECE552 /* Release */,
			);
			defaultConfigurationIsVisible = 0;
			defaultConfigurationName = Release;
		};
/* End XCConfigurationList section */
	};
	rootObject = 337F5853190FA795009C1345 /* Project object */;
}
