// !$*UTF8*$!
{
	archiveVersion = 1;
	classes = {
	};
	objectVersion = 46;
	objects = {

/* Begin PBXFileReference section */
		337F58C8190FB4F0009C1345 /* Context.cpp */ = {isa = PBXFileReference; lastKnownFileType = sourcecode.cpp.cpp; path = Context.cpp; sourceTree = "<group>"; };
		337F58C9190FB4F0009C1345 /* Context.h */ = {isa = PBXFileReference; lastKnownFileType = sourcecode.c.h; path = Context.h; sourceTree = "<group>"; };
		337F58CA190FB4F0009C1345 /* helperFunction.cpp */ = {isa = PBXFileReference; lastKnownFileType = sourcecode.cpp.cpp; path = helperFunction.cpp; sourceTree = "<group>"; };
		337F58CB190FB4F0009C1345 /* helperFunction.h */ = {isa = PBXFileReference; lastKnownFileType = sourcecode.c.h; path = helperFunction.h; sourceTree = "<group>"; };
		337F58CC190FB4F0009C1345 /* Info.cpp */ = {isa = PBXFileReference; lastKnownFileType = sourcecode.cpp.cpp; path = Info.cpp; sourceTree = "<group>"; };
		337F58CD190FB4F0009C1345 /* Info.h */ = {isa = PBXFileReference; lastKnownFileType = sourcecode.c.h; path = Info.h; sourceTree = "<group>"; };
		337F58CE190FB4F0009C1345 /* librarySet.h */ = {isa = PBXFileReference; lastKnownFileType = sourcecode.c.h; path = librarySet.h; sourceTree = "<group>"; };
		337F58CF190FB4F0009C1345 /* Location.cpp */ = {isa = PBXFileReference; lastKnownFileType = sourcecode.cpp.cpp; path = Location.cpp; sourceTree = "<group>"; };
		337F58D0190FB4F0009C1345 /* Location.h */ = {isa = PBXFileReference; lastKnownFileType = sourcecode.c.h; path = Location.h; sourceTree = "<group>"; };
		337F58D1190FB4F0009C1345 /* makefile */ = {isa = PBXFileReference; lastKnownFileType = sourcecode.make; path = makefile; sourceTree = "<group>"; };
		337F58D2190FB4F0009C1345 /* Media.cpp */ = {isa = PBXFileReference; lastKnownFileType = sourcecode.cpp.cpp; path = Media.cpp; sourceTree = "<group>"; };
		337F58D3190FB4F0009C1345 /* Media.h */ = {isa = PBXFileReference; lastKnownFileType = sourcecode.c.h; path = Media.h; sourceTree = "<group>"; };
		337F58D4190FB4F0009C1345 /* NLP.h */ = {isa = PBXFileReference; lastKnownFileType = sourcecode.c.h; path = NLP.h; sourceTree = "<group>"; };
		337F58D5190FB4F0009C1345 /* NLP.lex */ = {isa = PBXFileReference; lastKnownFileType = text; path = NLP.lex; sourceTree = "<group>"; };
		337F58D6190FB4F0009C1345 /* NLP.xcodeproj */ = {isa = PBXFileReference; lastKnownFileType = "wrapper.pb-project"; path = NLP.xcodeproj; sourceTree = "<group>"; };
		337F58D9190FB4F0009C1345 /* NLP.y */ = {isa = PBXFileReference; lastKnownFileType = sourcecode.yacc; path = NLP.y; sourceTree = "<group>"; };
		337F58DA190FB4F0009C1345 /* Object.cpp */ = {isa = PBXFileReference; lastKnownFileType = sourcecode.cpp.cpp; path = Object.cpp; sourceTree = "<group>"; };
		337F58DB190FB4F0009C1345 /* Object.h */ = {isa = PBXFileReference; lastKnownFileType = sourcecode.c.h; path = Object.h; sourceTree = "<group>"; };
		337F58DC190FB4F0009C1345 /* Person.cpp */ = {isa = PBXFileReference; lastKnownFileType = sourcecode.cpp.cpp; path = Person.cpp; sourceTree = "<group>"; };
		337F58DD190FB4F0009C1345 /* Person.h */ = {isa = PBXFileReference; lastKnownFileType = sourcecode.c.h; path = Person.h; sourceTree = "<group>"; };
		337F58DE190FB4F0009C1345 /* Self.cpp */ = {isa = PBXFileReference; lastKnownFileType = sourcecode.cpp.cpp; path = Self.cpp; sourceTree = "<group>"; };
		337F58DF190FB4F0009C1345 /* Self.h */ = {isa = PBXFileReference; lastKnownFileType = sourcecode.c.h; path = Self.h; sourceTree = "<group>"; };
		337F58E0190FB4F0009C1345 /* SystemCalls.c */ = {isa = PBXFileReference; lastKnownFileType = sourcecode.c.c; path = SystemCalls.c; sourceTree = "<group>"; };
		337F58E1190FB4F0009C1345 /* SystemCalls.h */ = {isa = PBXFileReference; lastKnownFileType = sourcecode.c.h; path = SystemCalls.h; sourceTree = "<group>"; };
		337F58E2190FB4F0009C1345 /* VoiceCommander.cpp */ = {isa = PBXFileReference; lastKnownFileType = sourcecode.cpp.cpp; path = VoiceCommander.cpp; sourceTree = "<group>"; };
		337F58E3190FB4F0009C1345 /* VoiceCommander.h */ = {isa = PBXFileReference; lastKnownFileType = sourcecode.c.h; path = VoiceCommander.h; sourceTree = "<group>"; };
/* End PBXFileReference section */

/* Begin PBXGroup section */
		337F5852190FA795009C1345 = {
			isa = PBXGroup;
			children = (
				337F58C8190FB4F0009C1345 /* Context.cpp */,
				337F58C9190FB4F0009C1345 /* Context.h */,
				337F58CA190FB4F0009C1345 /* helperFunction.cpp */,
				337F58CB190FB4F0009C1345 /* helperFunction.h */,
				337F58CC190FB4F0009C1345 /* Info.cpp */,
				337F58CD190FB4F0009C1345 /* Info.h */,
				337F58CE190FB4F0009C1345 /* librarySet.h */,
				337F58CF190FB4F0009C1345 /* Location.cpp */,
				337F58D0190FB4F0009C1345 /* Location.h */,
				337F58D1190FB4F0009C1345 /* makefile */,
				337F58D2190FB4F0009C1345 /* Media.cpp */,
				337F58D3190FB4F0009C1345 /* Media.h */,
				337F58D4190FB4F0009C1345 /* NLP.h */,
				337F58D5190FB4F0009C1345 /* NLP.lex */,
				337F58D6190FB4F0009C1345 /* NLP.xcodeproj */,
				337F58D9190FB4F0009C1345 /* NLP.y */,
				337F58DA190FB4F0009C1345 /* Object.cpp */,
				337F58DB190FB4F0009C1345 /* Object.h */,
				337F58DC190FB4F0009C1345 /* Person.cpp */,
				337F58DD190FB4F0009C1345 /* Person.h */,
				337F58DE190FB4F0009C1345 /* Self.cpp */,
				337F58DF190FB4F0009C1345 /* Self.h */,
				337F58E0190FB4F0009C1345 /* SystemCalls.c */,
				337F58E1190FB4F0009C1345 /* SystemCalls.h */,
				337F58E2190FB4F0009C1345 /* VoiceCommander.cpp */,
				337F58E3190FB4F0009C1345 /* VoiceCommander.h */,
			);
			sourceTree = "<group>";
		};
		337F58D7190FB4F0009C1345 /* Products */ = {
			isa = PBXGroup;
			name = Products;
			sourceTree = "<group>";
		};
/* End PBXGroup section */

/* Begin PBXProject section */
		337F5853190FA795009C1345 /* Project object */ = {
			isa = PBXProject;
			attributes = {
				LastUpgradeCheck = 0510;
			};
			buildConfigurationList = 337F5856190FA795009C1345 /* Build configuration list for PBXProject "Gigantic" */;
			compatibilityVersion = "Xcode 3.2";
			developmentRegion = English;
			hasScannedForEncodings = 0;
			knownRegions = (
				en,
			);
			mainGroup = 337F5852190FA795009C1345;
			projectDirPath = "";
			projectReferences = (
				{
					ProductGroup = 337F58D7190FB4F0009C1345 /* Products */;
					ProjectRef = 337F58D6190FB4F0009C1345 /* NLP.xcodeproj */;
				},
			);
			projectRoot = "";
			targets = (
			);
		};
/* End PBXProject section */

/* Begin XCBuildConfiguration section */
		337F5857190FA795009C1345 /* Debug */ = {
			isa = XCBuildConfiguration;
			buildSettings = {
			};
			name = Debug;
		};
		337F5858190FA795009C1345 /* Release */ = {
			isa = XCBuildConfiguration;
			buildSettings = {
			};
			name = Release;
		};
/* End XCBuildConfiguration section */

/* Begin XCConfigurationList section */
		337F5856190FA795009C1345 /* Build configuration list for PBXProject "Gigantic" */ = {
			isa = XCConfigurationList;
			buildConfigurations = (
				337F5857190FA795009C1345 /* Debug */,
				337F5858190FA795009C1345 /* Release */,
			);
			defaultConfigurationIsVisible = 0;
			defaultConfigurationName = Release;
		};
/* End XCConfigurationList section */
	};
	rootObject = 337F5853190FA795009C1345 /* Project object */;
}
